
Microsoft Visual Studio Solution File, Format Version 12.00
# Visual Studio 15
VisualStudioVersion = 15.0.28307.1209
MinimumVisualStudioVersion = 10.0.40219.1
Project("{FAE04EC0-301F-11D3-BF4B-00C04F79EFBC}") = "ITPM_Project", "ITPM_Project\ITPM_Project.csproj", "{AF2796ED-5B66-4AC1-998B-22E2884BB601}"
EndProject
Global
	GlobalSection(SolutionConfigurationPlatforms) = preSolution
		Debug|Any CPU = Debug|Any CPU
		Release|Any CPU = Release|Any CPU
	EndGlobalSection
	GlobalSection(ProjectConfigurationPlatforms) = postSolution
		{AF2796ED-5B66-4AC1-998B-22E2884BB601}.Debug|Any CPU.ActiveCfg = Debug|Any CPU
		{AF2796ED-5B66-4AC1-998B-22E2884BB601}.Debug|Any CPU.Build.0 = Debug|Any CPU
		{AF2796ED-5B66-4AC1-998B-22E2884BB601}.Release|Any CPU.ActiveCfg = Release|Any CPU
		{AF2796ED-5B66-4AC1-998B-22E2884BB601}.Release|Any CPU.Build.0 = Release|Any CPU
	EndGlobalSection
	GlobalSection(SolutionProperties) = preSolution
		HideSolutionNode = FALSE
	EndGlobalSection
	GlobalSection(ExtensibilityGlobals) = postSolution
		SolutionGuid = {4FC1AA25-DA48-47C2-BD5D-BD7FE8352A4F}
	EndGlobalSection
EndGlobal
